// !$*UTF8*$!
{
	archiveVersion = 1;
	classes = {
	};
	objectVersion = 56;
	objects = {

/* Begin PBXBuildFile section */
		E57639CA2B3EEAEF00B3E2FF /* AppDelegate.swift in Sources */ = {isa = PBXBuildFile; fileRef = E57639C92B3EEAEF00B3E2FF /* AppDelegate.swift */; };
		E57639CC2B3EEAEF00B3E2FF /* SceneDelegate.swift in Sources */ = {isa = PBXBuildFile; fileRef = E57639CB2B3EEAEF00B3E2FF /* SceneDelegate.swift */; };
		E57639CE2B3EEAEF00B3E2FF /* HomeViewController.swift in Sources */ = {isa = PBXBuildFile; fileRef = E57639CD2B3EEAEF00B3E2FF /* HomeViewController.swift */; };
		E57639D32B3EEAF200B3E2FF /* Assets.xcassets in Resources */ = {isa = PBXBuildFile; fileRef = E57639D22B3EEAF200B3E2FF /* Assets.xcassets */; };
		E57639D62B3EEAF200B3E2FF /* LaunchScreen.storyboard in Resources */ = {isa = PBXBuildFile; fileRef = E57639D42B3EEAF200B3E2FF /* LaunchScreen.storyboard */; };
		E57639E12B3EEAF200B3E2FF /* SpotifyTests.swift in Sources */ = {isa = PBXBuildFile; fileRef = E57639E02B3EEAF200B3E2FF /* SpotifyTests.swift */; };
		E57639EB2B3EEAF200B3E2FF /* SpotifyUITests.swift in Sources */ = {isa = PBXBuildFile; fileRef = E57639EA2B3EEAF200B3E2FF /* SpotifyUITests.swift */; };
		E57639ED2B3EEAF200B3E2FF /* SpotifyUITestsLaunchTests.swift in Sources */ = {isa = PBXBuildFile; fileRef = E57639EC2B3EEAF200B3E2FF /* SpotifyUITestsLaunchTests.swift */; };
		E57639FF2B3EFC6700B3E2FF /* TabBarViewController.swift in Sources */ = {isa = PBXBuildFile; fileRef = E57639FE2B3EFC6700B3E2FF /* TabBarViewController.swift */; };
		E5763A012B3F014600B3E2FF /* LibraryViewController.swift in Sources */ = {isa = PBXBuildFile; fileRef = E5763A002B3F014600B3E2FF /* LibraryViewController.swift */; };
		E5763A032B3F9A9200B3E2FF /* SearchViewController.swift in Sources */ = {isa = PBXBuildFile; fileRef = E5763A022B3F9A9200B3E2FF /* SearchViewController.swift */; };
		E5763A072B3FA99300B3E2FF /* WelcomeViewController.swift in Sources */ = {isa = PBXBuildFile; fileRef = E5763A062B3FA99300B3E2FF /* WelcomeViewController.swift */; };
		E5763A092B3FA9AB00B3E2FF /* AuthViewController.swift in Sources */ = {isa = PBXBuildFile; fileRef = E5763A082B3FA9AB00B3E2FF /* AuthViewController.swift */; };
		E5763A0B2B3FA9B800B3E2FF /* SettingsViewController.swift in Sources */ = {isa = PBXBuildFile; fileRef = E5763A0A2B3FA9B800B3E2FF /* SettingsViewController.swift */; };
		E5763A0D2B3FA9C600B3E2FF /* ProfileViewController.swift in Sources */ = {isa = PBXBuildFile; fileRef = E5763A0C2B3FA9C600B3E2FF /* ProfileViewController.swift */; };
		E5763A0F2B3FA9D300B3E2FF /* PlayerViewController.swift in Sources */ = {isa = PBXBuildFile; fileRef = E5763A0E2B3FA9D300B3E2FF /* PlayerViewController.swift */; };
		E5763A112B3FA9DC00B3E2FF /* PlaylistViewController.swift in Sources */ = {isa = PBXBuildFile; fileRef = E5763A102B3FA9DC00B3E2FF /* PlaylistViewController.swift */; };
		E5763A142B3FAA4D00B3E2FF /* AuthManager.swift in Sources */ = {isa = PBXBuildFile; fileRef = E5763A132B3FAA4D00B3E2FF /* AuthManager.swift */; };
		E5763A162B3FAA5C00B3E2FF /* APICaller.swift in Sources */ = {isa = PBXBuildFile; fileRef = E5763A152B3FAA5C00B3E2FF /* APICaller.swift */; };
		E5763A182B3FAA6A00B3E2FF /* HapticsManager.swift in Sources */ = {isa = PBXBuildFile; fileRef = E5763A172B3FAA6A00B3E2FF /* HapticsManager.swift */; };
		E5763A1A2B4A9C6200B3E2FF /* Extensions.swift in Sources */ = {isa = PBXBuildFile; fileRef = E5763A192B4A9C6200B3E2FF /* Extensions.swift */; };
/* End PBXBuildFile section */

/* Begin PBXContainerItemProxy section */
		E57639DD2B3EEAF200B3E2FF /* PBXContainerItemProxy */ = {
			isa = PBXContainerItemProxy;
			containerPortal = E57639BE2B3EEAEF00B3E2FF /* Project object */;
			proxyType = 1;
			remoteGlobalIDString = E57639C52B3EEAEF00B3E2FF;
			remoteInfo = Spotify;
		};
		E57639E72B3EEAF200B3E2FF /* PBXContainerItemProxy */ = {
			isa = PBXContainerItemProxy;
			containerPortal = E57639BE2B3EEAEF00B3E2FF /* Project object */;
			proxyType = 1;
			remoteGlobalIDString = E57639C52B3EEAEF00B3E2FF;
			remoteInfo = Spotify;
		};
/* End PBXContainerItemProxy section */

/* Begin PBXFileReference section */
		E57639C62B3EEAEF00B3E2FF /* Spotify.app */ = {isa = PBXFileReference; explicitFileType = wrapper.application; includeInIndex = 0; path = Spotify.app; sourceTree = BUILT_PRODUCTS_DIR; };
		E57639C92B3EEAEF00B3E2FF /* AppDelegate.swift */ = {isa = PBXFileReference; lastKnownFileType = sourcecode.swift; path = AppDelegate.swift; sourceTree = "<group>"; };
		E57639CB2B3EEAEF00B3E2FF /* SceneDelegate.swift */ = {isa = PBXFileReference; lastKnownFileType = sourcecode.swift; path = SceneDelegate.swift; sourceTree = "<group>"; };
		E57639CD2B3EEAEF00B3E2FF /* HomeViewController.swift */ = {isa = PBXFileReference; lastKnownFileType = sourcecode.swift; path = HomeViewController.swift; sourceTree = "<group>"; };
		E57639D22B3EEAF200B3E2FF /* Assets.xcassets */ = {isa = PBXFileReference; lastKnownFileType = folder.assetcatalog; path = Assets.xcassets; sourceTree = "<group>"; };
		E57639D52B3EEAF200B3E2FF /* Base */ = {isa = PBXFileReference; lastKnownFileType = file.storyboard; name = Base; path = Base.lproj/LaunchScreen.storyboard; sourceTree = "<group>"; };
		E57639D72B3EEAF200B3E2FF /* Info.plist */ = {isa = PBXFileReference; lastKnownFileType = text.plist.xml; path = Info.plist; sourceTree = "<group>"; };
		E57639DC2B3EEAF200B3E2FF /* SpotifyTests.xctest */ = {isa = PBXFileReference; explicitFileType = wrapper.cfbundle; includeInIndex = 0; path = SpotifyTests.xctest; sourceTree = BUILT_PRODUCTS_DIR; };
		E57639E02B3EEAF200B3E2FF /* SpotifyTests.swift */ = {isa = PBXFileReference; lastKnownFileType = sourcecode.swift; path = SpotifyTests.swift; sourceTree = "<group>"; };
		E57639E62B3EEAF200B3E2FF /* SpotifyUITests.xctest */ = {isa = PBXFileReference; explicitFileType = wrapper.cfbundle; includeInIndex = 0; path = SpotifyUITests.xctest; sourceTree = BUILT_PRODUCTS_DIR; };
		E57639EA2B3EEAF200B3E2FF /* SpotifyUITests.swift */ = {isa = PBXFileReference; lastKnownFileType = sourcecode.swift; path = SpotifyUITests.swift; sourceTree = "<group>"; };
		E57639EC2B3EEAF200B3E2FF /* SpotifyUITestsLaunchTests.swift */ = {isa = PBXFileReference; lastKnownFileType = sourcecode.swift; path = SpotifyUITestsLaunchTests.swift; sourceTree = "<group>"; };
		E57639FE2B3EFC6700B3E2FF /* TabBarViewController.swift */ = {isa = PBXFileReference; lastKnownFileType = sourcecode.swift; path = TabBarViewController.swift; sourceTree = "<group>"; };
		E5763A002B3F014600B3E2FF /* LibraryViewController.swift */ = {isa = PBXFileReference; lastKnownFileType = sourcecode.swift; path = LibraryViewController.swift; sourceTree = "<group>"; };
		E5763A022B3F9A9200B3E2FF /* SearchViewController.swift */ = {isa = PBXFileReference; lastKnownFileType = sourcecode.swift; path = SearchViewController.swift; sourceTree = "<group>"; };
		E5763A062B3FA99300B3E2FF /* WelcomeViewController.swift */ = {isa = PBXFileReference; lastKnownFileType = sourcecode.swift; path = WelcomeViewController.swift; sourceTree = "<group>"; };
		E5763A082B3FA9AB00B3E2FF /* AuthViewController.swift */ = {isa = PBXFileReference; lastKnownFileType = sourcecode.swift; path = AuthViewController.swift; sourceTree = "<group>"; };
		E5763A0A2B3FA9B800B3E2FF /* SettingsViewController.swift */ = {isa = PBXFileReference; lastKnownFileType = sourcecode.swift; path = SettingsViewController.swift; sourceTree = "<group>"; };
		E5763A0C2B3FA9C600B3E2FF /* ProfileViewController.swift */ = {isa = PBXFileReference; lastKnownFileType = sourcecode.swift; path = ProfileViewController.swift; sourceTree = "<group>"; };
		E5763A0E2B3FA9D300B3E2FF /* PlayerViewController.swift */ = {isa = PBXFileReference; lastKnownFileType = sourcecode.swift; path = PlayerViewController.swift; sourceTree = "<group>"; };
		E5763A102B3FA9DC00B3E2FF /* PlaylistViewController.swift */ = {isa = PBXFileReference; lastKnownFileType = sourcecode.swift; path = PlaylistViewController.swift; sourceTree = "<group>"; };
		E5763A132B3FAA4D00B3E2FF /* AuthManager.swift */ = {isa = PBXFileReference; lastKnownFileType = sourcecode.swift; path = AuthManager.swift; sourceTree = "<group>"; };
		E5763A152B3FAA5C00B3E2FF /* APICaller.swift */ = {isa = PBXFileReference; lastKnownFileType = sourcecode.swift; path = APICaller.swift; sourceTree = "<group>"; };
		E5763A172B3FAA6A00B3E2FF /* HapticsManager.swift */ = {isa = PBXFileReference; lastKnownFileType = sourcecode.swift; path = HapticsManager.swift; sourceTree = "<group>"; };
		E5763A192B4A9C6200B3E2FF /* Extensions.swift */ = {isa = PBXFileReference; lastKnownFileType = sourcecode.swift; path = Extensions.swift; sourceTree = "<group>"; };
/* End PBXFileReference section */

/* Begin PBXFrameworksBuildPhase section */
		E57639C32B3EEAEF00B3E2FF /* Frameworks */ = {
			isa = PBXFrameworksBuildPhase;
			buildActionMask = 2147483647;
			files = (
			);
			runOnlyForDeploymentPostprocessing = 0;
		};
		E57639D92B3EEAF200B3E2FF /* Frameworks */ = {
			isa = PBXFrameworksBuildPhase;
			buildActionMask = 2147483647;
			files = (
			);
			runOnlyForDeploymentPostprocessing = 0;
		};
		E57639E32B3EEAF200B3E2FF /* Frameworks */ = {
			isa = PBXFrameworksBuildPhase;
			buildActionMask = 2147483647;
			files = (
			);
			runOnlyForDeploymentPostprocessing = 0;
		};
/* End PBXFrameworksBuildPhase section */

/* Begin PBXGroup section */
		E57639BD2B3EEAEF00B3E2FF = {
			isa = PBXGroup;
			children = (
				E57639C82B3EEAEF00B3E2FF /* Spotify */,
				E57639DF2B3EEAF200B3E2FF /* SpotifyTests */,
				E57639E92B3EEAF200B3E2FF /* SpotifyUITests */,
				E57639C72B3EEAEF00B3E2FF /* Products */,
			);
			sourceTree = "<group>";
		};
		E57639C72B3EEAEF00B3E2FF /* Products */ = {
			isa = PBXGroup;
			children = (
				E57639C62B3EEAEF00B3E2FF /* Spotify.app */,
				E57639DC2B3EEAF200B3E2FF /* SpotifyTests.xctest */,
				E57639E62B3EEAF200B3E2FF /* SpotifyUITests.xctest */,
			);
			name = Products;
			sourceTree = "<group>";
		};
		E57639C82B3EEAEF00B3E2FF /* Spotify */ = {
			isa = PBXGroup;
			children = (
				E5763A042B3FA8CA00B3E2FF /* Managers */,
				E57639FD2B3EEC9C00B3E2FF /* Resources */,
				E57639FC2B3EEB8500B3E2FF /* Controllers */,
				E57639FB2B3EEB7500B3E2FF /* Views */,
				E57639F92B3EEB4400B3E2FF /* Models */,
				E57639D42B3EEAF200B3E2FF /* LaunchScreen.storyboard */,
				E57639D72B3EEAF200B3E2FF /* Info.plist */,
			);
			path = Spotify;
			sourceTree = "<group>";
		};
		E57639DF2B3EEAF200B3E2FF /* SpotifyTests */ = {
			isa = PBXGroup;
			children = (
				E57639E02B3EEAF200B3E2FF /* SpotifyTests.swift */,
			);
			path = SpotifyTests;
			sourceTree = "<group>";
		};
		E57639E92B3EEAF200B3E2FF /* SpotifyUITests */ = {
			isa = PBXGroup;
			children = (
				E57639EA2B3EEAF200B3E2FF /* SpotifyUITests.swift */,
				E57639EC2B3EEAF200B3E2FF /* SpotifyUITestsLaunchTests.swift */,
			);
			path = SpotifyUITests;
			sourceTree = "<group>";
		};
		E57639F92B3EEB4400B3E2FF /* Models */ = {
			isa = PBXGroup;
			children = (
			);
			path = Models;
			sourceTree = "<group>";
		};
		E57639FB2B3EEB7500B3E2FF /* Views */ = {
			isa = PBXGroup;
			children = (
			);
			path = Views;
			sourceTree = "<group>";
		};
		E57639FC2B3EEB8500B3E2FF /* Controllers */ = {
			isa = PBXGroup;
			children = (
				E5763A052B3FA94300B3E2FF /* Others */,
				E57639CD2B3EEAEF00B3E2FF /* HomeViewController.swift */,
				E57639FE2B3EFC6700B3E2FF /* TabBarViewController.swift */,
				E5763A002B3F014600B3E2FF /* LibraryViewController.swift */,
				E5763A022B3F9A9200B3E2FF /* SearchViewController.swift */,
			);
			path = Controllers;
			sourceTree = "<group>";
		};
		E57639FD2B3EEC9C00B3E2FF /* Resources */ = {
			isa = PBXGroup;
			children = (
				E57639C92B3EEAEF00B3E2FF /* AppDelegate.swift */,
				E57639CB2B3EEAEF00B3E2FF /* SceneDelegate.swift */,
				E57639D22B3EEAF200B3E2FF /* Assets.xcassets */,
				E5763A192B4A9C6200B3E2FF /* Extensions.swift */,
			);
			path = Resources;
			sourceTree = "<group>";
		};
		E5763A042B3FA8CA00B3E2FF /* Managers */ = {
			isa = PBXGroup;
			children = (
				E5763A132B3FAA4D00B3E2FF /* AuthManager.swift */,
				E5763A152B3FAA5C00B3E2FF /* APICaller.swift */,
				E5763A172B3FAA6A00B3E2FF /* HapticsManager.swift */,
			);
			path = Managers;
			sourceTree = "<group>";
		};
		E5763A052B3FA94300B3E2FF /* Others */ = {
			isa = PBXGroup;
			children = (
				E5763A062B3FA99300B3E2FF /* WelcomeViewController.swift */,
				E5763A082B3FA9AB00B3E2FF /* AuthViewController.swift */,
				E5763A0A2B3FA9B800B3E2FF /* SettingsViewController.swift */,
				E5763A0C2B3FA9C600B3E2FF /* ProfileViewController.swift */,
				E5763A0E2B3FA9D300B3E2FF /* PlayerViewController.swift */,
				E5763A102B3FA9DC00B3E2FF /* PlaylistViewController.swift */,
			);
			path = Others;
			sourceTree = "<group>";
		};
/* End PBXGroup section */

/* Begin PBXNativeTarget section */
		E57639C52B3EEAEF00B3E2FF /* Spotify */ = {
			isa = PBXNativeTarget;
			buildConfigurationList = E57639F02B3EEAF200B3E2FF /* Build configuration list for PBXNativeTarget "Spotify" */;
			buildPhases = (
				E57639C22B3EEAEF00B3E2FF /* Sources */,
				E57639C32B3EEAEF00B3E2FF /* Frameworks */,
				E57639C42B3EEAEF00B3E2FF /* Resources */,
			);
			buildRules = (
			);
			dependencies = (
			);
			name = Spotify;
			productName = Spotify;
			productReference = E57639C62B3EEAEF00B3E2FF /* Spotify.app */;
			productType = "com.apple.product-type.application";
		};
		E57639DB2B3EEAF200B3E2FF /* SpotifyTests */ = {
			isa = PBXNativeTarget;
			buildConfigurationList = E57639F32B3EEAF200B3E2FF /* Build configuration list for PBXNativeTarget "SpotifyTests" */;
			buildPhases = (
				E57639D82B3EEAF200B3E2FF /* Sources */,
				E57639D92B3EEAF200B3E2FF /* Frameworks */,
				E57639DA2B3EEAF200B3E2FF /* Resources */,
			);
			buildRules = (
			);
			dependencies = (
				E57639DE2B3EEAF200B3E2FF /* PBXTargetDependency */,
			);
			name = SpotifyTests;
			productName = SpotifyTests;
			productReference = E57639DC2B3EEAF200B3E2FF /* SpotifyTests.xctest */;
			productType = "com.apple.product-type.bundle.unit-test";
		};
		E57639E52B3EEAF200B3E2FF /* SpotifyUITests */ = {
			isa = PBXNativeTarget;
			buildConfigurationList = E57639F62B3EEAF200B3E2FF /* Build configuration list for PBXNativeTarget "SpotifyUITests" */;
			buildPhases = (
				E57639E22B3EEAF200B3E2FF /* Sources */,
				E57639E32B3EEAF200B3E2FF /* Frameworks */,
				E57639E42B3EEAF200B3E2FF /* Resources */,
			);
			buildRules = (
			);
			dependencies = (
				E57639E82B3EEAF200B3E2FF /* PBXTargetDependency */,
			);
			name = SpotifyUITests;
			productName = SpotifyUITests;
			productReference = E57639E62B3EEAF200B3E2FF /* SpotifyUITests.xctest */;
			productType = "com.apple.product-type.bundle.ui-testing";
		};
/* End PBXNativeTarget section */

/* Begin PBXProject section */
		E57639BE2B3EEAEF00B3E2FF /* Project object */ = {
			isa = PBXProject;
			attributes = {
				BuildIndependentTargetsInParallel = 1;
				LastSwiftUpdateCheck = 1430;
				LastUpgradeCheck = 1430;
				TargetAttributes = {
					E57639C52B3EEAEF00B3E2FF = {
						CreatedOnToolsVersion = 14.3.1;
					};
					E57639DB2B3EEAF200B3E2FF = {
						CreatedOnToolsVersion = 14.3.1;
						TestTargetID = E57639C52B3EEAEF00B3E2FF;
					};
					E57639E52B3EEAF200B3E2FF = {
						CreatedOnToolsVersion = 14.3.1;
						TestTargetID = E57639C52B3EEAEF00B3E2FF;
					};
				};
			};
			buildConfigurationList = E57639C12B3EEAEF00B3E2FF /* Build configuration list for PBXProject "Spotify" */;
			compatibilityVersion = "Xcode 14.0";
			developmentRegion = en;
			hasScannedForEncodings = 0;
			knownRegions = (
				en,
				Base,
			);
			mainGroup = E57639BD2B3EEAEF00B3E2FF;
			productRefGroup = E57639C72B3EEAEF00B3E2FF /* Products */;
			projectDirPath = "";
			projectRoot = "";
			targets = (
				E57639C52B3EEAEF00B3E2FF /* Spotify */,
				E57639DB2B3EEAF200B3E2FF /* SpotifyTests */,
				E57639E52B3EEAF200B3E2FF /* SpotifyUITests */,
			);
		};
/* End PBXProject section */

/* Begin PBXResourcesBuildPhase section */
		E57639C42B3EEAEF00B3E2FF /* Resources */ = {
			isa = PBXResourcesBuildPhase;
			buildActionMask = 2147483647;
			files = (
				E57639D62B3EEAF200B3E2FF /* LaunchScreen.storyboard in Resources */,
				E57639D32B3EEAF200B3E2FF /* Assets.xcassets in Resources */,
			);
			runOnlyForDeploymentPostprocessing = 0;
		};
		E57639DA2B3EEAF200B3E2FF /* Resources */ = {
			isa = PBXResourcesBuildPhase;
			buildActionMask = 2147483647;
			files = (
			);
			runOnlyForDeploymentPostprocessing = 0;
		};
		E57639E42B3EEAF200B3E2FF /* Resources */ = {
			isa = PBXResourcesBuildPhase;
			buildActionMask = 2147483647;
			files = (
			);
			runOnlyForDeploymentPostprocessing = 0;
		};
/* End PBXResourcesBuildPhase section */

/* Begin PBXSourcesBuildPhase section */
		E57639C22B3EEAEF00B3E2FF /* Sources */ = {
			isa = PBXSourcesBuildPhase;
			buildActionMask = 2147483647;
			files = (
				E5763A032B3F9A9200B3E2FF /* SearchViewController.swift in Sources */,
				E57639FF2B3EFC6700B3E2FF /* TabBarViewController.swift in Sources */,
				E5763A0D2B3FA9C600B3E2FF /* ProfileViewController.swift in Sources */,
				E5763A182B3FAA6A00B3E2FF /* HapticsManager.swift in Sources */,
				E5763A162B3FAA5C00B3E2FF /* APICaller.swift in Sources */,
				E5763A142B3FAA4D00B3E2FF /* AuthManager.swift in Sources */,
				E5763A012B3F014600B3E2FF /* LibraryViewController.swift in Sources */,
				E57639CE2B3EEAEF00B3E2FF /* HomeViewController.swift in Sources */,
				E5763A092B3FA9AB00B3E2FF /* AuthViewController.swift in Sources */,
				E57639CA2B3EEAEF00B3E2FF /* AppDelegate.swift in Sources */,
				E57639CC2B3EEAEF00B3E2FF /* SceneDelegate.swift in Sources */,
				E5763A1A2B4A9C6200B3E2FF /* Extensions.swift in Sources */,
				E5763A112B3FA9DC00B3E2FF /* PlaylistViewController.swift in Sources */,
				E5763A072B3FA99300B3E2FF /* WelcomeViewController.swift in Sources */,
				E5763A0F2B3FA9D300B3E2FF /* PlayerViewController.swift in Sources */,
				E5763A0B2B3FA9B800B3E2FF /* SettingsViewController.swift in Sources */,
			);
			runOnlyForDeploymentPostprocessing = 0;
		};
		E57639D82B3EEAF200B3E2FF /* Sources */ = {
			isa = PBXSourcesBuildPhase;
			buildActionMask = 2147483647;
			files = (
				E57639E12B3EEAF200B3E2FF /* SpotifyTests.swift in Sources */,
			);
			runOnlyForDeploymentPostprocessing = 0;
		};
		E57639E22B3EEAF200B3E2FF /* Sources */ = {
			isa = PBXSourcesBuildPhase;
			buildActionMask = 2147483647;
			files = (
				E57639EB2B3EEAF200B3E2FF /* SpotifyUITests.swift in Sources */,
				E57639ED2B3EEAF200B3E2FF /* SpotifyUITestsLaunchTests.swift in Sources */,
			);
			runOnlyForDeploymentPostprocessing = 0;
		};
/* End PBXSourcesBuildPhase section */

/* Begin PBXTargetDependency section */
		E57639DE2B3EEAF200B3E2FF /* PBXTargetDependency */ = {
			isa = PBXTargetDependency;
			target = E57639C52B3EEAEF00B3E2FF /* Spotify */;
			targetProxy = E57639DD2B3EEAF200B3E2FF /* PBXContainerItemProxy */;
		};
		E57639E82B3EEAF200B3E2FF /* PBXTargetDependency */ = {
			isa = PBXTargetDependency;
			target = E57639C52B3EEAEF00B3E2FF /* Spotify */;
			targetProxy = E57639E72B3EEAF200B3E2FF /* PBXContainerItemProxy */;
		};
/* End PBXTargetDependency section */

/* Begin PBXVariantGroup section */
		E57639D42B3EEAF200B3E2FF /* LaunchScreen.storyboard */ = {
			isa = PBXVariantGroup;
			children = (
				E57639D52B3EEAF200B3E2FF /* Base */,
			);
			name = LaunchScreen.storyboard;
			sourceTree = "<group>";
		};
/* End PBXVariantGroup section */

/* Begin XCBuildConfiguration section */
		E57639EE2B3EEAF200B3E2FF /* Debug */ = {
			isa = XCBuildConfiguration;
			buildSettings = {
				ALWAYS_SEARCH_USER_PATHS = NO;
				CLANG_ANALYZER_NONNULL = YES;
				CLANG_ANALYZER_NUMBER_OBJECT_CONVERSION = YES_AGGRESSIVE;
				CLANG_CXX_LANGUAGE_STANDARD = "gnu++20";
				CLANG_ENABLE_MODULES = YES;
				CLANG_ENABLE_OBJC_ARC = YES;
				CLANG_ENABLE_OBJC_WEAK = YES;
				CLANG_WARN_BLOCK_CAPTURE_AUTORELEASING = YES;
				CLANG_WARN_BOOL_CONVERSION = YES;
				CLANG_WARN_COMMA = YES;
				CLANG_WARN_CONSTANT_CONVERSION = YES;
				CLANG_WARN_DEPRECATED_OBJC_IMPLEMENTATIONS = YES;
				CLANG_WARN_DIRECT_OBJC_ISA_USAGE = YES_ERROR;
				CLANG_WARN_DOCUMENTATION_COMMENTS = YES;
				CLANG_WARN_EMPTY_BODY = YES;
				CLANG_WARN_ENUM_CONVERSION = YES;
				CLANG_WARN_INFINITE_RECURSION = YES;
				CLANG_WARN_INT_CONVERSION = YES;
				CLANG_WARN_NON_LITERAL_NULL_CONVERSION = YES;
				CLANG_WARN_OBJC_IMPLICIT_RETAIN_SELF = YES;
				CLANG_WARN_OBJC_LITERAL_CONVERSION = YES;
				CLANG_WARN_OBJC_ROOT_CLASS = YES_ERROR;
				CLANG_WARN_QUOTED_INCLUDE_IN_FRAMEWORK_HEADER = YES;
				CLANG_WARN_RANGE_LOOP_ANALYSIS = YES;
				CLANG_WARN_STRICT_PROTOTYPES = YES;
				CLANG_WARN_SUSPICIOUS_MOVE = YES;
				CLANG_WARN_UNGUARDED_AVAILABILITY = YES_AGGRESSIVE;
				CLANG_WARN_UNREACHABLE_CODE = YES;
				CLANG_WARN__DUPLICATE_METHOD_MATCH = YES;
				COPY_PHASE_STRIP = NO;
				DEBUG_INFORMATION_FORMAT = dwarf;
				ENABLE_STRICT_OBJC_MSGSEND = YES;
				ENABLE_TESTABILITY = YES;
				GCC_C_LANGUAGE_STANDARD = gnu11;
				GCC_DYNAMIC_NO_PIC = NO;
				GCC_NO_COMMON_BLOCKS = YES;
				GCC_OPTIMIZATION_LEVEL = 0;
				GCC_PREPROCESSOR_DEFINITIONS = (
					"DEBUG=1",
					"$(inherited)",
				);
				GCC_WARN_64_TO_32_BIT_CONVERSION = YES;
				GCC_WARN_ABOUT_RETURN_TYPE = YES_ERROR;
				GCC_WARN_UNDECLARED_SELECTOR = YES;
				GCC_WARN_UNINITIALIZED_AUTOS = YES_AGGRESSIVE;
				GCC_WARN_UNUSED_FUNCTION = YES;
				GCC_WARN_UNUSED_VARIABLE = YES;
				IPHONEOS_DEPLOYMENT_TARGET = 16.4;
				MTL_ENABLE_DEBUG_INFO = INCLUDE_SOURCE;
				MTL_FAST_MATH = YES;
				ONLY_ACTIVE_ARCH = YES;
				SDKROOT = iphoneos;
				SWIFT_ACTIVE_COMPILATION_CONDITIONS = DEBUG;
				SWIFT_OPTIMIZATION_LEVEL = "-Onone";
			};
			name = Debug;
		};
		E57639EF2B3EEAF200B3E2FF /* Release */ = {
			isa = XCBuildConfiguration;
			buildSettings = {
				ALWAYS_SEARCH_USER_PATHS = NO;
				CLANG_ANALYZER_NONNULL = YES;
				CLANG_ANALYZER_NUMBER_OBJECT_CONVERSION = YES_AGGRESSIVE;
				CLANG_CXX_LANGUAGE_STANDARD = "gnu++20";
				CLANG_ENABLE_MODULES = YES;
				CLANG_ENABLE_OBJC_ARC = YES;
				CLANG_ENABLE_OBJC_WEAK = YES;
				CLANG_WARN_BLOCK_CAPTURE_AUTORELEASING = YES;
				CLANG_WARN_BOOL_CONVERSION = YES;
				CLANG_WARN_COMMA = YES;
				CLANG_WARN_CONSTANT_CONVERSION = YES;
				CLANG_WARN_DEPRECATED_OBJC_IMPLEMENTATIONS = YES;
				CLANG_WARN_DIRECT_OBJC_ISA_USAGE = YES_ERROR;
				CLANG_WARN_DOCUMENTATION_COMMENTS = YES;
				CLANG_WARN_EMPTY_BODY = YES;
				CLANG_WARN_ENUM_CONVERSION = YES;
				CLANG_WARN_INFINITE_RECURSION = YES;
				CLANG_WARN_INT_CONVERSION = YES;
				CLANG_WARN_NON_LITERAL_NULL_CONVERSION = YES;
				CLANG_WARN_OBJC_IMPLICIT_RETAIN_SELF = YES;
				CLANG_WARN_OBJC_LITERAL_CONVERSION = YES;
				CLANG_WARN_OBJC_ROOT_CLASS = YES_ERROR;
				CLANG_WARN_QUOTED_INCLUDE_IN_FRAMEWORK_HEADER = YES;
				CLANG_WARN_RANGE_LOOP_ANALYSIS = YES;
				CLANG_WARN_STRICT_PROTOTYPES = YES;
				CLANG_WARN_SUSPICIOUS_MOVE = YES;
				CLANG_WARN_UNGUARDED_AVAILABILITY = YES_AGGRESSIVE;
				CLANG_WARN_UNREACHABLE_CODE = YES;
				CLANG_WARN__DUPLICATE_METHOD_MATCH = YES;
				COPY_PHASE_STRIP = NO;
				DEBUG_INFORMATION_FORMAT = "dwarf-with-dsym";
				ENABLE_NS_ASSERTIONS = NO;
				ENABLE_STRICT_OBJC_MSGSEND = YES;
				GCC_C_LANGUAGE_STANDARD = gnu11;
				GCC_NO_COMMON_BLOCKS = YES;
				GCC_WARN_64_TO_32_BIT_CONVERSION = YES;
				GCC_WARN_ABOUT_RETURN_TYPE = YES_ERROR;
				GCC_WARN_UNDECLARED_SELECTOR = YES;
				GCC_WARN_UNINITIALIZED_AUTOS = YES_AGGRESSIVE;
				GCC_WARN_UNUSED_FUNCTION = YES;
				GCC_WARN_UNUSED_VARIABLE = YES;
				IPHONEOS_DEPLOYMENT_TARGET = 16.4;
				MTL_ENABLE_DEBUG_INFO = NO;
				MTL_FAST_MATH = YES;
				SDKROOT = iphoneos;
				SWIFT_COMPILATION_MODE = wholemodule;
				SWIFT_OPTIMIZATION_LEVEL = "-O";
				VALIDATE_PRODUCT = YES;
			};
			name = Release;
		};
		E57639F12B3EEAF200B3E2FF /* Debug */ = {
			isa = XCBuildConfiguration;
			buildSettings = {
				ASSETCATALOG_COMPILER_APPICON_NAME = AppIcon;
				ASSETCATALOG_COMPILER_GLOBAL_ACCENT_COLOR_NAME = AccentColor;
				CODE_SIGN_STYLE = Automatic;
				CURRENT_PROJECT_VERSION = 1;
				GENERATE_INFOPLIST_FILE = YES;
				INFOPLIST_FILE = Spotify/Info.plist;
				INFOPLIST_KEY_UIApplicationSupportsIndirectInputEvents = YES;
				INFOPLIST_KEY_UILaunchStoryboardName = LaunchScreen;
				INFOPLIST_KEY_UISupportedInterfaceOrientations_iPad = "UIInterfaceOrientationPortrait UIInterfaceOrientationPortraitUpsideDown UIInterfaceOrientationLandscapeLeft UIInterfaceOrientationLandscapeRight";
				INFOPLIST_KEY_UISupportedInterfaceOrientations_iPhone = "UIInterfaceOrientationPortrait UIInterfaceOrientationLandscapeLeft UIInterfaceOrientationLandscapeRight";
				LD_RUNPATH_SEARCH_PATHS = (
					"$(inherited)",
					"@executable_path/Frameworks",
				);
				MARKETING_VERSION = 1.0;
				PRODUCT_BUNDLE_IDENTIFIER = com.tienpjo.Spotify;
				PRODUCT_NAME = "$(TARGET_NAME)";
				SWIFT_EMIT_LOC_STRINGS = YES;
				SWIFT_VERSION = 5.0;
				TARGETED_DEVICE_FAMILY = "1,2";
			};
			name = Debug;
		};
		E57639F22B3EEAF200B3E2FF /* Release */ = {
			isa = XCBuildConfiguration;
			buildSettings = {
				ASSETCATALOG_COMPILER_APPICON_NAME = AppIcon;
				ASSETCATALOG_COMPILER_GLOBAL_ACCENT_COLOR_NAME = AccentColor;
				CODE_SIGN_STYLE = Automatic;
				CURRENT_PROJECT_VERSION = 1;
				GENERATE_INFOPLIST_FILE = YES;
				INFOPLIST_FILE = Spotify/Info.plist;
				INFOPLIST_KEY_UIApplicationSupportsIndirectInputEvents = YES;
				INFOPLIST_KEY_UILaunchStoryboardName = LaunchScreen;
				INFOPLIST_KEY_UISupportedInterfaceOrientations_iPad = "UIInterfaceOrientationPortrait UIInterfaceOrientationPortraitUpsideDown UIInterfaceOrientationLandscapeLeft UIInterfaceOrientationLandscapeRight";
				INFOPLIST_KEY_UISupportedInterfaceOrientations_iPhone = "UIInterfaceOrientationPortrait UIInterfaceOrientationLandscapeLeft UIInterfaceOrientationLandscapeRight";
				LD_RUNPATH_SEARCH_PATHS = (
					"$(inherited)",
					"@executable_path/Frameworks",
				);
				MARKETING_VERSION = 1.0;
				PRODUCT_BUNDLE_IDENTIFIER = com.tienpjo.Spotify;
				PRODUCT_NAME = "$(TARGET_NAME)";
				SWIFT_EMIT_LOC_STRINGS = YES;
				SWIFT_VERSION = 5.0;
				TARGETED_DEVICE_FAMILY = "1,2";
			};
			name = Release;
		};
		E57639F42B3EEAF200B3E2FF /* Debug */ = {
			isa = XCBuildConfiguration;
			buildSettings = {
				ALWAYS_EMBED_SWIFT_STANDARD_LIBRARIES = YES;
				BUNDLE_LOADER = "$(TEST_HOST)";
				CODE_SIGN_STYLE = Automatic;
				CURRENT_PROJECT_VERSION = 1;
				GENERATE_INFOPLIST_FILE = YES;
				IPHONEOS_DEPLOYMENT_TARGET = 16.4;
				MARKETING_VERSION = 1.0;
				PRODUCT_BUNDLE_IDENTIFIER = com.tienpjo.SpotifyTests;
				PRODUCT_NAME = "$(TARGET_NAME)";
				SWIFT_EMIT_LOC_STRINGS = NO;
				SWIFT_VERSION = 5.0;
				TARGETED_DEVICE_FAMILY = "1,2";
				TEST_HOST = "$(BUILT_PRODUCTS_DIR)/Spotify.app/$(BUNDLE_EXECUTABLE_FOLDER_PATH)/Spotify";
			};
			name = Debug;
		};
		E57639F52B3EEAF200B3E2FF /* Release */ = {
			isa = XCBuildConfiguration;
			buildSettings = {
				ALWAYS_EMBED_SWIFT_STANDARD_LIBRARIES = YES;
				BUNDLE_LOADER = "$(TEST_HOST)";
				CODE_SIGN_STYLE = Automatic;
				CURRENT_PROJECT_VERSION = 1;
				GENERATE_INFOPLIST_FILE = YES;
				IPHONEOS_DEPLOYMENT_TARGET = 16.4;
				MARKETING_VERSION = 1.0;
				PRODUCT_BUNDLE_IDENTIFIER = com.tienpjo.SpotifyTests;
				PRODUCT_NAME = "$(TARGET_NAME)";
				SWIFT_EMIT_LOC_STRINGS = NO;
				SWIFT_VERSION = 5.0;
				TARGETED_DEVICE_FAMILY = "1,2";
				TEST_HOST = "$(BUILT_PRODUCTS_DIR)/Spotify.app/$(BUNDLE_EXECUTABLE_FOLDER_PATH)/Spotify";
			};
			name = Release;
		};
		E57639F72B3EEAF200B3E2FF /* Debug */ = {
			isa = XCBuildConfiguration;
			buildSettings = {
				ALWAYS_EMBED_SWIFT_STANDARD_LIBRARIES = YES;
				CODE_SIGN_STYLE = Automatic;
				CURRENT_PROJECT_VERSION = 1;
				GENERATE_INFOPLIST_FILE = YES;
				MARKETING_VERSION = 1.0;
				PRODUCT_BUNDLE_IDENTIFIER = com.tienpjo.SpotifyUITests;
				PRODUCT_NAME = "$(TARGET_NAME)";
				SWIFT_EMIT_LOC_STRINGS = NO;
				SWIFT_VERSION = 5.0;
				TARGETED_DEVICE_FAMILY = "1,2";
				TEST_TARGET_NAME = Spotify;
			};
			name = Debug;
		};
		E57639F82B3EEAF200B3E2FF /* Release */ = {
			isa = XCBuildConfiguration;
			buildSettings = {
				ALWAYS_EMBED_SWIFT_STANDARD_LIBRARIES = YES;
				CODE_SIGN_STYLE = Automatic;
				CURRENT_PROJECT_VERSION = 1;
				GENERATE_INFOPLIST_FILE = YES;
				MARKETING_VERSION = 1.0;
				PRODUCT_BUNDLE_IDENTIFIER = com.tienpjo.SpotifyUITests;
				PRODUCT_NAME = "$(TARGET_NAME)";
				SWIFT_EMIT_LOC_STRINGS = NO;
				SWIFT_VERSION = 5.0;
				TARGETED_DEVICE_FAMILY = "1,2";
				TEST_TARGET_NAME = Spotify;
			};
			name = Release;
		};
/* End XCBuildConfiguration section */

/* Begin XCConfigurationList section */
		E57639C12B3EEAEF00B3E2FF /* Build configuration list for PBXProject "Spotify" */ = {
			isa = XCConfigurationList;
			buildConfigurations = (
				E57639EE2B3EEAF200B3E2FF /* Debug */,
				E57639EF2B3EEAF200B3E2FF /* Release */,
			);
			defaultConfigurationIsVisible = 0;
			defaultConfigurationName = Release;
		};
		E57639F02B3EEAF200B3E2FF /* Build configuration list for PBXNativeTarget "Spotify" */ = {
			isa = XCConfigurationList;
			buildConfigurations = (
				E57639F12B3EEAF200B3E2FF /* Debug */,
				E57639F22B3EEAF200B3E2FF /* Release */,
			);
			defaultConfigurationIsVisible = 0;
			defaultConfigurationName = Release;
		};
		E57639F32B3EEAF200B3E2FF /* Build configuration list for PBXNativeTarget "SpotifyTests" */ = {
			isa = XCConfigurationList;
			buildConfigurations = (
				E57639F42B3EEAF200B3E2FF /* Debug */,
				E57639F52B3EEAF200B3E2FF /* Release */,
			);
			defaultConfigurationIsVisible = 0;
			defaultConfigurationName = Release;
		};
		E57639F62B3EEAF200B3E2FF /* Build configuration list for PBXNativeTarget "SpotifyUITests" */ = {
			isa = XCConfigurationList;
			buildConfigurations = (
				E57639F72B3EEAF200B3E2FF /* Debug */,
				E57639F82B3EEAF200B3E2FF /* Release */,
			);
			defaultConfigurationIsVisible = 0;
			defaultConfigurationName = Release;
		};
/* End XCConfigurationList section */
	};
	rootObject = E57639BE2B3EEAEF00B3E2FF /* Project object */;
}
